
Microsoft Visual Studio Solution File, Format Version 12.00
# Visual Studio Version 17
VisualStudioVersion = 17.9.34728.123
MinimumVisualStudioVersion = 10.0.40219.1
Project("{9A19103F-16F7-4668-BE54-9A1E7A4F7556}") = "HardwareDetailMaui", "HardwareDetailMaui\HardwareDetailMaui.csproj", "{02A3C4CF-CDAF-413E-AC39-5C2C4ED5E9DF}"
EndProject
Global
	GlobalSection(SolutionConfigurationPlatforms) = preSolution
		Debug|Any CPU = Debug|Any CPU
		Release|Any CPU = Release|Any CPU
	EndGlobalSection
	GlobalSection(ProjectConfigurationPlatforms) = postSolution
		{02A3C4CF-CDAF-413E-AC39-5C2C4ED5E9DF}.Debug|Any CPU.ActiveCfg = Debug|Any CPU
		{02A3C4CF-CDAF-413E-AC39-5C2C4ED5E9DF}.Debug|Any CPU.Build.0 = Debug|Any CPU
		{02A3C4CF-CDAF-413E-AC39-5C2C4ED5E9DF}.Debug|Any CPU.Deploy.0 = Debug|Any CPU
		{02A3C4CF-CDAF-413E-AC39-5C2C4ED5E9DF}.Release|Any CPU.ActiveCfg = Release|Any CPU
		{02A3C4CF-CDAF-413E-AC39-5C2C4ED5E9DF}.Release|Any CPU.Build.0 = Release|Any CPU
		{02A3C4CF-CDAF-413E-AC39-5C2C4ED5E9DF}.Release|Any CPU.Deploy.0 = Release|Any CPU
	EndGlobalSection
	GlobalSection(SolutionProperties) = preSolution
		HideSolutionNode = FALSE
	EndGlobalSection
	GlobalSection(ExtensibilityGlobals) = postSolution
		SolutionGuid = {B1ABBD87-4F5A-485C-81D5-D418A6AD185C}
	EndGlobalSection
EndGlobal
